// !$*UTF8*$!
{
	archiveVersion = 1;
	classes = {
	};
	objectVersion = 46;
	objects = {

/* Begin PBXBuildFile section */
		AA4064191CDA770B00116BA8 /* DatesCell.swift in Sources */ = {isa = PBXBuildFile; fileRef = AA4064181CDA770B00116BA8 /* DatesCell.swift */; };
		AA40641B1CDAC9AE00116BA8 /* GradesCell.swift in Sources */ = {isa = PBXBuildFile; fileRef = AA40641A1CDAC9AE00116BA8 /* GradesCell.swift */; };
		AA4A6FA21CDBF9E400E32AE6 /* dataStruct.swift in Sources */ = {isa = PBXBuildFile; fileRef = AA4A6FA11CDBF9E400E32AE6 /* dataStruct.swift */; };
		AA64A5901CDDAA5100C8F6DC /* SWRevealViewController.m in Sources */ = {isa = PBXBuildFile; fileRef = AA64A58F1CDDAA5100C8F6DC /* SWRevealViewController.m */; };
		AA64A5931CDDBCDB00C8F6DC /* MenuController.swift in Sources */ = {isa = PBXBuildFile; fileRef = AA64A5921CDDBCDB00C8F6DC /* MenuController.swift */; };
		AA67BC071CE42AD500ECDB9F /* Nunito-Black.ttf in Resources */ = {isa = PBXBuildFile; fileRef = AA67BBFE1CE42AD500ECDB9F /* Nunito-Black.ttf */; };
		AA67BC081CE42AD500ECDB9F /* Nunito-Bold.ttf in Resources */ = {isa = PBXBuildFile; fileRef = AA67BBFF1CE42AD500ECDB9F /* Nunito-Bold.ttf */; };
		AA67BC091CE42AD500ECDB9F /* Nunito-ExtraBold.ttf in Resources */ = {isa = PBXBuildFile; fileRef = AA67BC001CE42AD500ECDB9F /* Nunito-ExtraBold.ttf */; };
		AA67BC0A1CE42AD500ECDB9F /* Nunito-ExtraLight.ttf in Resources */ = {isa = PBXBuildFile; fileRef = AA67BC011CE42AD500ECDB9F /* Nunito-ExtraLight.ttf */; };
		AA67BC0B1CE42AD500ECDB9F /* Nunito-Light.ttf in Resources */ = {isa = PBXBuildFile; fileRef = AA67BC021CE42AD500ECDB9F /* Nunito-Light.ttf */; };
		AA67BC0C1CE42AD500ECDB9F /* Nunito-Medium.ttf in Resources */ = {isa = PBXBuildFile; fileRef = AA67BC031CE42AD500ECDB9F /* Nunito-Medium.ttf */; };
		AA67BC0D1CE42AD500ECDB9F /* Nunito-Regular.ttf in Resources */ = {isa = PBXBuildFile; fileRef = AA67BC041CE42AD500ECDB9F /* Nunito-Regular.ttf */; };
		AA67BC0E1CE42AD500ECDB9F /* Nunito-SemiBold.ttf in Resources */ = {isa = PBXBuildFile; fileRef = AA67BC051CE42AD500ECDB9F /* Nunito-SemiBold.ttf */; };
		AA67BC0F1CE42AD500ECDB9F /* SIL Open Font License.txt in Resources */ = {isa = PBXBuildFile; fileRef = AA67BC061CE42AD500ECDB9F /* SIL Open Font License.txt */; };
		AA67BC171CE42CF000ECDB9F /* Simple-Line-Icons.ttf in Resources */ = {isa = PBXBuildFile; fileRef = AA67BC161CE42CF000ECDB9F /* Simple-Line-Icons.ttf */; };
		AA67BC191CE43B5800ECDB9F /* LandingPageController.swift in Sources */ = {isa = PBXBuildFile; fileRef = AA67BC181CE43B5800ECDB9F /* LandingPageController.swift */; };
		AA9EE2311CE10087003470D8 /* KDCircularProgress.swift in Sources */ = {isa = PBXBuildFile; fileRef = AA9EE2301CE10087003470D8 /* KDCircularProgress.swift */; };
		AA9EE2331CE1009A003470D8 /* DatesViewController.swift in Sources */ = {isa = PBXBuildFile; fileRef = AA9EE2321CE1009A003470D8 /* DatesViewController.swift */; };
		AAAA25821CD53C6A0096D0A1 /* AppDelegate.swift in Sources */ = {isa = PBXBuildFile; fileRef = AAAA25811CD53C6A0096D0A1 /* AppDelegate.swift */; };
		AAAA25841CD53C6A0096D0A1 /* AnnouncementViewController.swift in Sources */ = {isa = PBXBuildFile; fileRef = AAAA25831CD53C6A0096D0A1 /* AnnouncementViewController.swift */; };
		AAAA25861CD53C6A0096D0A1 /* GradesViewController.swift in Sources */ = {isa = PBXBuildFile; fileRef = AAAA25851CD53C6A0096D0A1 /* GradesViewController.swift */; };
		AAAA25891CD53C6A0096D0A1 /* Main.storyboard in Resources */ = {isa = PBXBuildFile; fileRef = AAAA25871CD53C6A0096D0A1 /* Main.storyboard */; };
		AAAA258B1CD53C6A0096D0A1 /* Assets.xcassets in Resources */ = {isa = PBXBuildFile; fileRef = AAAA258A1CD53C6A0096D0A1 /* Assets.xcassets */; };
		AAAA258E1CD53C6A0096D0A1 /* LaunchScreen.storyboard in Resources */ = {isa = PBXBuildFile; fileRef = AAAA258C1CD53C6A0096D0A1 /* LaunchScreen.storyboard */; };
		AAAA25991CD53C6A0096D0A1 /* SwivelMobileTests.swift in Sources */ = {isa = PBXBuildFile; fileRef = AAAA25981CD53C6A0096D0A1 /* SwivelMobileTests.swift */; };
		AAAA25A41CD53C6A0096D0A1 /* SwivelMobileUITests.swift in Sources */ = {isa = PBXBuildFile; fileRef = AAAA25A31CD53C6A0096D0A1 /* SwivelMobileUITests.swift */; };
		AABC67281CE155D0009950C8 /* NSCharacterSet.swift in Sources */ = {isa = PBXBuildFile; fileRef = AABC67111CE155D0009950C8 /* NSCharacterSet.swift */; };
		AABC67291CE155D0009950C8 /* SocketAckEmitter.swift in Sources */ = {isa = PBXBuildFile; fileRef = AABC67121CE155D0009950C8 /* SocketAckEmitter.swift */; };
		AABC672A1CE155D0009950C8 /* SocketAckManager.swift in Sources */ = {isa = PBXBuildFile; fileRef = AABC67131CE155D0009950C8 /* SocketAckManager.swift */; };
		AABC672B1CE155D0009950C8 /* SocketAnyEvent.swift in Sources */ = {isa = PBXBuildFile; fileRef = AABC67141CE155D0009950C8 /* SocketAnyEvent.swift */; };
		AABC672C1CE155D0009950C8 /* SocketEngine.swift in Sources */ = {isa = PBXBuildFile; fileRef = AABC67151CE155D0009950C8 /* SocketEngine.swift */; };
		AABC672D1CE155D0009950C8 /* SocketEngineClient.swift in Sources */ = {isa = PBXBuildFile; fileRef = AABC67161CE155D0009950C8 /* SocketEngineClient.swift */; };
		AABC672E1CE155D0009950C8 /* SocketEnginePacketType.swift in Sources */ = {isa = PBXBuildFile; fileRef = AABC67171CE155D0009950C8 /* SocketEnginePacketType.swift */; };
		AABC672F1CE155D0009950C8 /* SocketEnginePollable.swift in Sources */ = {isa = PBXBuildFile; fileRef = AABC67181CE155D0009950C8 /* SocketEnginePollable.swift */; };
		AABC67301CE155D0009950C8 /* SocketEngineSpec.swift in Sources */ = {isa = PBXBuildFile; fileRef = AABC67191CE155D0009950C8 /* SocketEngineSpec.swift */; };
		AABC67311CE155D0009950C8 /* SocketEngineWebsocket.swift in Sources */ = {isa = PBXBuildFile; fileRef = AABC671A1CE155D0009950C8 /* SocketEngineWebsocket.swift */; };
		AABC67321CE155D0009950C8 /* SocketEventHandler.swift in Sources */ = {isa = PBXBuildFile; fileRef = AABC671B1CE155D0009950C8 /* SocketEventHandler.swift */; };
		AABC67331CE155D0009950C8 /* SocketIOClient.swift in Sources */ = {isa = PBXBuildFile; fileRef = AABC671C1CE155D0009950C8 /* SocketIOClient.swift */; };
		AABC67341CE155D0009950C8 /* SocketIOClientOption.swift in Sources */ = {isa = PBXBuildFile; fileRef = AABC671D1CE155D0009950C8 /* SocketIOClientOption.swift */; };
		AABC67351CE155D0009950C8 /* SocketIOClientSpec.swift in Sources */ = {isa = PBXBuildFile; fileRef = AABC671E1CE155D0009950C8 /* SocketIOClientSpec.swift */; };
		AABC67361CE155D0009950C8 /* SocketIOClientStatus.swift in Sources */ = {isa = PBXBuildFile; fileRef = AABC671F1CE155D0009950C8 /* SocketIOClientStatus.swift */; };
		AABC67371CE155D0009950C8 /* SocketLogger.swift in Sources */ = {isa = PBXBuildFile; fileRef = AABC67201CE155D0009950C8 /* SocketLogger.swift */; };
		AABC67381CE155D0009950C8 /* SocketPacket.swift in Sources */ = {isa = PBXBuildFile; fileRef = AABC67211CE155D0009950C8 /* SocketPacket.swift */; };
		AABC67391CE155D0009950C8 /* SocketParsable.swift in Sources */ = {isa = PBXBuildFile; fileRef = AABC67221CE155D0009950C8 /* SocketParsable.swift */; };
		AABC673A1CE155D0009950C8 /* SocketStringReader.swift in Sources */ = {isa = PBXBuildFile; fileRef = AABC67231CE155D0009950C8 /* SocketStringReader.swift */; };
		AABC673B1CE155D0009950C8 /* SocketTypes.swift in Sources */ = {isa = PBXBuildFile; fileRef = AABC67241CE155D0009950C8 /* SocketTypes.swift */; };
		AABC673C1CE155D0009950C8 /* String.swift in Sources */ = {isa = PBXBuildFile; fileRef = AABC67251CE155D0009950C8 /* String.swift */; };
		AABC673D1CE155D0009950C8 /* SwiftRegex.swift in Sources */ = {isa = PBXBuildFile; fileRef = AABC67261CE155D0009950C8 /* SwiftRegex.swift */; };
		AABC673E1CE155D0009950C8 /* WebSocket.swift in Sources */ = {isa = PBXBuildFile; fileRef = AABC67271CE155D0009950C8 /* WebSocket.swift */; };
		AABC67401CE1560D009950C8 /* SocketIOManager.swift in Sources */ = {isa = PBXBuildFile; fileRef = AABC673F1CE1560D009950C8 /* SocketIOManager.swift */; };
		AABC67461CE19199009950C8 /* Roboto-Black.ttf in Resources */ = {isa = PBXBuildFile; fileRef = AABC67411CE19199009950C8 /* Roboto-Black.ttf */; };
		AABC67471CE19199009950C8 /* Roboto-Bold.ttf in Resources */ = {isa = PBXBuildFile; fileRef = AABC67421CE19199009950C8 /* Roboto-Bold.ttf */; };
		AABC67481CE19199009950C8 /* Roboto-Light.ttf in Resources */ = {isa = PBXBuildFile; fileRef = AABC67431CE19199009950C8 /* Roboto-Light.ttf */; };
		AABC67491CE19199009950C8 /* Roboto-Medium.ttf in Resources */ = {isa = PBXBuildFile; fileRef = AABC67441CE19199009950C8 /* Roboto-Medium.ttf */; };
		AABC674A1CE19199009950C8 /* Roboto-Regular.ttf in Resources */ = {isa = PBXBuildFile; fileRef = AABC67451CE19199009950C8 /* Roboto-Regular.ttf */; };
		AAC232AE1CD92250005AAE42 /* SwiftyJSON.swift in Sources */ = {isa = PBXBuildFile; fileRef = AAC232AD1CD9224F005AAE42 /* SwiftyJSON.swift */; };
		AAC232CE1CD92845005AAE42 /* Alamofire.framework in Frameworks */ = {isa = PBXBuildFile; fileRef = AAC232BE1CD927CD005AAE42 /* Alamofire.framework */; };
		AAC232CF1CD92873005AAE42 /* Alamofire.framework in Copy Framework */ = {isa = PBXBuildFile; fileRef = AAC232BE1CD927CD005AAE42 /* Alamofire.framework */; settings = {ATTRIBUTES = (CodeSignOnCopy, RemoveHeadersOnCopy, ); }; };
		AAC232D11CD928D9005AAE42 /* serverAPI.swift in Sources */ = {isa = PBXBuildFile; fileRef = AAC232D01CD928D9005AAE42 /* serverAPI.swift */; };
		AAEDABDE1CE2A4DA00AEA4AB /* MainMenuController.swift in Sources */ = {isa = PBXBuildFile; fileRef = AAEDABDD1CE2A4DA00AEA4AB /* MainMenuController.swift */; };
		AAEDABE01CE2AA3F00AEA4AB /* MenuCourseCell.swift in Sources */ = {isa = PBXBuildFile; fileRef = AAEDABDF1CE2AA3F00AEA4AB /* MenuCourseCell.swift */; };
		AAFC4A661CD98F3C0009150C /* AnnouncementCell.swift in Sources */ = {isa = PBXBuildFile; fileRef = AAFC4A651CD98F3C0009150C /* AnnouncementCell.swift */; };
/* End PBXBuildFile section */

/* Begin PBXContainerItemProxy section */
		AAAA25951CD53C6A0096D0A1 /* PBXContainerItemProxy */ = {
			isa = PBXContainerItemProxy;
			containerPortal = AAAA25761CD53C690096D0A1 /* Project object */;
			proxyType = 1;
			remoteGlobalIDString = AAAA257D1CD53C690096D0A1;
			remoteInfo = SwivelMobile;
		};
		AAAA25A01CD53C6A0096D0A1 /* PBXContainerItemProxy */ = {
			isa = PBXContainerItemProxy;
			containerPortal = AAAA25761CD53C690096D0A1 /* Project object */;
			proxyType = 1;
			remoteGlobalIDString = AAAA257D1CD53C690096D0A1;
			remoteInfo = SwivelMobile;
		};
		AAC232BD1CD927CD005AAE42 /* PBXContainerItemProxy */ = {
			isa = PBXContainerItemProxy;
			containerPortal = AAC232B31CD927CC005AAE42 /* Alamofire.xcodeproj */;
			proxyType = 2;
			remoteGlobalIDString = F8111E3319A95C8B0040E7D1;
			remoteInfo = "Alamofire iOS";
		};
		AAC232BF1CD927CD005AAE42 /* PBXContainerItemProxy */ = {
			isa = PBXContainerItemProxy;
			containerPortal = AAC232B31CD927CC005AAE42 /* Alamofire.xcodeproj */;
			proxyType = 2;
			remoteGlobalIDString = F8111E3E19A95C8B0040E7D1;
			remoteInfo = "Alamofire iOS Tests";
		};
		AAC232C11CD927CD005AAE42 /* PBXContainerItemProxy */ = {
			isa = PBXContainerItemProxy;
			containerPortal = AAC232B31CD927CC005AAE42 /* Alamofire.xcodeproj */;
			proxyType = 2;
			remoteGlobalIDString = 4DD67C0B1A5C55C900ED2280;
			remoteInfo = "Alamofire OSX";
		};
		AAC232C31CD927CD005AAE42 /* PBXContainerItemProxy */ = {
			isa = PBXContainerItemProxy;
			containerPortal = AAC232B31CD927CC005AAE42 /* Alamofire.xcodeproj */;
			proxyType = 2;
			remoteGlobalIDString = F829C6B21A7A94F100A2CD59;
			remoteInfo = "Alamofire OSX Tests";
		};
		AAC232C51CD927CD005AAE42 /* PBXContainerItemProxy */ = {
			isa = PBXContainerItemProxy;
			containerPortal = AAC232B31CD927CC005AAE42 /* Alamofire.xcodeproj */;
			proxyType = 2;
			remoteGlobalIDString = 4CF626EF1BA7CB3E0011A099;
			remoteInfo = "Alamofire tvOS";
		};
		AAC232C71CD927CD005AAE42 /* PBXContainerItemProxy */ = {
			isa = PBXContainerItemProxy;
			containerPortal = AAC232B31CD927CC005AAE42 /* Alamofire.xcodeproj */;
			proxyType = 2;
			remoteGlobalIDString = 4CF626F81BA7CB3E0011A099;
			remoteInfo = "Alamofire tvOS Tests";
		};
		AAC232C91CD927CD005AAE42 /* PBXContainerItemProxy */ = {
			isa = PBXContainerItemProxy;
			containerPortal = AAC232B31CD927CC005AAE42 /* Alamofire.xcodeproj */;
			proxyType = 2;
			remoteGlobalIDString = E4202FE01B667AA100C997FB;
			remoteInfo = "Alamofire watchOS";
		};
		AAC232CB1CD927EA005AAE42 /* PBXContainerItemProxy */ = {
			isa = PBXContainerItemProxy;
			containerPortal = AAC232B31CD927CC005AAE42 /* Alamofire.xcodeproj */;
			proxyType = 1;
			remoteGlobalIDString = F8111E3219A95C8B0040E7D1;
			remoteInfo = "Alamofire iOS";
		};
/* End PBXContainerItemProxy section */

/* Begin PBXCopyFilesBuildPhase section */
		AAC232CD1CD927F6005AAE42 /* Copy Framework */ = {
			isa = PBXCopyFilesBuildPhase;
			buildActionMask = 2147483647;
			dstPath = "";
			dstSubfolderSpec = 10;
			files = (
				AAC232CF1CD92873005AAE42 /* Alamofire.framework in Copy Framework */,
			);
			name = "Copy Framework";
			runOnlyForDeploymentPostprocessing = 0;
		};
/* End PBXCopyFilesBuildPhase section */

/* Begin PBXFileReference section */
		AA4064181CDA770B00116BA8 /* DatesCell.swift */ = {isa = PBXFileReference; fileEncoding = 4; lastKnownFileType = sourcecode.swift; path = DatesCell.swift; sourceTree = "<group>"; };
		AA40641A1CDAC9AE00116BA8 /* GradesCell.swift */ = {isa = PBXFileReference; fileEncoding = 4; lastKnownFileType = sourcecode.swift; path = GradesCell.swift; sourceTree = "<group>"; };
		AA4A6FA11CDBF9E400E32AE6 /* dataStruct.swift */ = {isa = PBXFileReference; fileEncoding = 4; lastKnownFileType = sourcecode.swift; path = dataStruct.swift; sourceTree = "<group>"; };
		AA64A58D1CDDAA5100C8F6DC /* SwivelMobile-Bridging-Header.h */ = {isa = PBXFileReference; lastKnownFileType = sourcecode.c.h; path = "SwivelMobile-Bridging-Header.h"; sourceTree = "<group>"; };
		AA64A58E1CDDAA5100C8F6DC /* SWRevealViewController.h */ = {isa = PBXFileReference; fileEncoding = 4; lastKnownFileType = sourcecode.c.h; path = SWRevealViewController.h; sourceTree = "<group>"; };
		AA64A58F1CDDAA5100C8F6DC /* SWRevealViewController.m */ = {isa = PBXFileReference; fileEncoding = 4; lastKnownFileType = sourcecode.c.objc; path = SWRevealViewController.m; sourceTree = "<group>"; };
		AA64A5921CDDBCDB00C8F6DC /* MenuController.swift */ = {isa = PBXFileReference; fileEncoding = 4; lastKnownFileType = sourcecode.swift; path = MenuController.swift; sourceTree = "<group>"; };
		AA67BBFE1CE42AD500ECDB9F /* Nunito-Black.ttf */ = {isa = PBXFileReference; lastKnownFileType = file; path = "Nunito-Black.ttf"; sourceTree = "<group>"; };
		AA67BBFF1CE42AD500ECDB9F /* Nunito-Bold.ttf */ = {isa = PBXFileReference; lastKnownFileType = file; path = "Nunito-Bold.ttf"; sourceTree = "<group>"; };
		AA67BC001CE42AD500ECDB9F /* Nunito-ExtraBold.ttf */ = {isa = PBXFileReference; lastKnownFileType = file; path = "Nunito-ExtraBold.ttf"; sourceTree = "<group>"; };
		AA67BC011CE42AD500ECDB9F /* Nunito-ExtraLight.ttf */ = {isa = PBXFileReference; lastKnownFileType = file; path = "Nunito-ExtraLight.ttf"; sourceTree = "<group>"; };
		AA67BC021CE42AD500ECDB9F /* Nunito-Light.ttf */ = {isa = PBXFileReference; lastKnownFileType = file; path = "Nunito-Light.ttf"; sourceTree = "<group>"; };
		AA67BC031CE42AD500ECDB9F /* Nunito-Medium.ttf */ = {isa = PBXFileReference; lastKnownFileType = file; path = "Nunito-Medium.ttf"; sourceTree = "<group>"; };
		AA67BC041CE42AD500ECDB9F /* Nunito-Regular.ttf */ = {isa = PBXFileReference; lastKnownFileType = file; path = "Nunito-Regular.ttf"; sourceTree = "<group>"; };
		AA67BC051CE42AD500ECDB9F /* Nunito-SemiBold.ttf */ = {isa = PBXFileReference; lastKnownFileType = file; path = "Nunito-SemiBold.ttf"; sourceTree = "<group>"; };
		AA67BC061CE42AD500ECDB9F /* SIL Open Font License.txt */ = {isa = PBXFileReference; fileEncoding = 4; lastKnownFileType = text; path = "SIL Open Font License.txt"; sourceTree = "<group>"; };
		AA67BC161CE42CF000ECDB9F /* Simple-Line-Icons.ttf */ = {isa = PBXFileReference; lastKnownFileType = file; path = "Simple-Line-Icons.ttf"; sourceTree = "<group>"; };
		AA67BC181CE43B5800ECDB9F /* LandingPageController.swift */ = {isa = PBXFileReference; fileEncoding = 4; lastKnownFileType = sourcecode.swift; path = LandingPageController.swift; sourceTree = "<group>"; };
		AA9EE2301CE10087003470D8 /* KDCircularProgress.swift */ = {isa = PBXFileReference; fileEncoding = 4; lastKnownFileType = sourcecode.swift; path = KDCircularProgress.swift; sourceTree = "<group>"; };
		AA9EE2321CE1009A003470D8 /* DatesViewController.swift */ = {isa = PBXFileReference; fileEncoding = 4; lastKnownFileType = sourcecode.swift; path = DatesViewController.swift; sourceTree = "<group>"; };
		AAAA257E1CD53C6A0096D0A1 /* SwivelMobile.app */ = {isa = PBXFileReference; explicitFileType = wrapper.application; includeInIndex = 0; path = SwivelMobile.app; sourceTree = BUILT_PRODUCTS_DIR; };
		AAAA25811CD53C6A0096D0A1 /* AppDelegate.swift */ = {isa = PBXFileReference; lastKnownFileType = sourcecode.swift; path = AppDelegate.swift; sourceTree = "<group>"; };
		AAAA25831CD53C6A0096D0A1 /* AnnouncementViewController.swift */ = {isa = PBXFileReference; lastKnownFileType = sourcecode.swift; path = AnnouncementViewController.swift; sourceTree = "<group>"; };
		AAAA25851CD53C6A0096D0A1 /* GradesViewController.swift */ = {isa = PBXFileReference; lastKnownFileType = sourcecode.swift; path = GradesViewController.swift; sourceTree = "<group>"; };
		AAAA25881CD53C6A0096D0A1 /* Base */ = {isa = PBXFileReference; lastKnownFileType = file.storyboard; name = Base; path = Base.lproj/Main.storyboard; sourceTree = "<group>"; };
		AAAA258A1CD53C6A0096D0A1 /* Assets.xcassets */ = {isa = PBXFileReference; lastKnownFileType = folder.assetcatalog; path = Assets.xcassets; sourceTree = "<group>"; };
		AAAA258D1CD53C6A0096D0A1 /* Base */ = {isa = PBXFileReference; lastKnownFileType = file.storyboard; name = Base; path = Base.lproj/LaunchScreen.storyboard; sourceTree = "<group>"; };
		AAAA258F1CD53C6A0096D0A1 /* Info.plist */ = {isa = PBXFileReference; lastKnownFileType = text.plist.xml; path = Info.plist; sourceTree = "<group>"; };
		AAAA25941CD53C6A0096D0A1 /* SwivelMobileTests.xctest */ = {isa = PBXFileReference; explicitFileType = wrapper.cfbundle; includeInIndex = 0; path = SwivelMobileTests.xctest; sourceTree = BUILT_PRODUCTS_DIR; };
		AAAA25981CD53C6A0096D0A1 /* SwivelMobileTests.swift */ = {isa = PBXFileReference; lastKnownFileType = sourcecode.swift; path = SwivelMobileTests.swift; sourceTree = "<group>"; };
		AAAA259A1CD53C6A0096D0A1 /* Info.plist */ = {isa = PBXFileReference; lastKnownFileType = text.plist.xml; path = Info.plist; sourceTree = "<group>"; };
		AAAA259F1CD53C6A0096D0A1 /* SwivelMobileUITests.xctest */ = {isa = PBXFileReference; explicitFileType = wrapper.cfbundle; includeInIndex = 0; path = SwivelMobileUITests.xctest; sourceTree = BUILT_PRODUCTS_DIR; };
		AAAA25A31CD53C6A0096D0A1 /* SwivelMobileUITests.swift */ = {isa = PBXFileReference; lastKnownFileType = sourcecode.swift; path = SwivelMobileUITests.swift; sourceTree = "<group>"; };
		AAAA25A51CD53C6A0096D0A1 /* Info.plist */ = {isa = PBXFileReference; lastKnownFileType = text.plist.xml; path = Info.plist; sourceTree = "<group>"; };
		AABC67111CE155D0009950C8 /* NSCharacterSet.swift */ = {isa = PBXFileReference; fileEncoding = 4; lastKnownFileType = sourcecode.swift; path = NSCharacterSet.swift; sourceTree = "<group>"; };
		AABC67121CE155D0009950C8 /* SocketAckEmitter.swift */ = {isa = PBXFileReference; fileEncoding = 4; lastKnownFileType = sourcecode.swift; path = SocketAckEmitter.swift; sourceTree = "<group>"; };
		AABC67131CE155D0009950C8 /* SocketAckManager.swift */ = {isa = PBXFileReference; fileEncoding = 4; lastKnownFileType = sourcecode.swift; path = SocketAckManager.swift; sourceTree = "<group>"; };
		AABC67141CE155D0009950C8 /* SocketAnyEvent.swift */ = {isa = PBXFileReference; fileEncoding = 4; lastKnownFileType = sourcecode.swift; path = SocketAnyEvent.swift; sourceTree = "<group>"; };
		AABC67151CE155D0009950C8 /* SocketEngine.swift */ = {isa = PBXFileReference; fileEncoding = 4; lastKnownFileType = sourcecode.swift; path = SocketEngine.swift; sourceTree = "<group>"; };
		AABC67161CE155D0009950C8 /* SocketEngineClient.swift */ = {isa = PBXFileReference; fileEncoding = 4; lastKnownFileType = sourcecode.swift; path = SocketEngineClient.swift; sourceTree = "<group>"; };
		AABC67171CE155D0009950C8 /* SocketEnginePacketType.swift */ = {isa = PBXFileReference; fileEncoding = 4; lastKnownFileType = sourcecode.swift; path = SocketEnginePacketType.swift; sourceTree = "<group>"; };
		AABC67181CE155D0009950C8 /* SocketEnginePollable.swift */ = {isa = PBXFileReference; fileEncoding = 4; lastKnownFileType = sourcecode.swift; path = SocketEnginePollable.swift; sourceTree = "<group>"; };
		AABC67191CE155D0009950C8 /* SocketEngineSpec.swift */ = {isa = PBXFileReference; fileEncoding = 4; lastKnownFileType = sourcecode.swift; path = SocketEngineSpec.swift; sourceTree = "<group>"; };
		AABC671A1CE155D0009950C8 /* SocketEngineWebsocket.swift */ = {isa = PBXFileReference; fileEncoding = 4; lastKnownFileType = sourcecode.swift; path = SocketEngineWebsocket.swift; sourceTree = "<group>"; };
		AABC671B1CE155D0009950C8 /* SocketEventHandler.swift */ = {isa = PBXFileReference; fileEncoding = 4; lastKnownFileType = sourcecode.swift; path = SocketEventHandler.swift; sourceTree = "<group>"; };
		AABC671C1CE155D0009950C8 /* SocketIOClient.swift */ = {isa = PBXFileReference; fileEncoding = 4; lastKnownFileType = sourcecode.swift; path = SocketIOClient.swift; sourceTree = "<group>"; };
		AABC671D1CE155D0009950C8 /* SocketIOClientOption.swift */ = {isa = PBXFileReference; fileEncoding = 4; lastKnownFileType = sourcecode.swift; path = SocketIOClientOption.swift; sourceTree = "<group>"; };
		AABC671E1CE155D0009950C8 /* SocketIOClientSpec.swift */ = {isa = PBXFileReference; fileEncoding = 4; lastKnownFileType = sourcecode.swift; path = SocketIOClientSpec.swift; sourceTree = "<group>"; };
		AABC671F1CE155D0009950C8 /* SocketIOClientStatus.swift */ = {isa = PBXFileReference; fileEncoding = 4; lastKnownFileType = sourcecode.swift; path = SocketIOClientStatus.swift; sourceTree = "<group>"; };
		AABC67201CE155D0009950C8 /* SocketLogger.swift */ = {isa = PBXFileReference; fileEncoding = 4; lastKnownFileType = sourcecode.swift; path = SocketLogger.swift; sourceTree = "<group>"; };
		AABC67211CE155D0009950C8 /* SocketPacket.swift */ = {isa = PBXFileReference; fileEncoding = 4; lastKnownFileType = sourcecode.swift; path = SocketPacket.swift; sourceTree = "<group>"; };
		AABC67221CE155D0009950C8 /* SocketParsable.swift */ = {isa = PBXFileReference; fileEncoding = 4; lastKnownFileType = sourcecode.swift; path = SocketParsable.swift; sourceTree = "<group>"; };
		AABC67231CE155D0009950C8 /* SocketStringReader.swift */ = {isa = PBXFileReference; fileEncoding = 4; lastKnownFileType = sourcecode.swift; path = SocketStringReader.swift; sourceTree = "<group>"; };
		AABC67241CE155D0009950C8 /* SocketTypes.swift */ = {isa = PBXFileReference; fileEncoding = 4; lastKnownFileType = sourcecode.swift; path = SocketTypes.swift; sourceTree = "<group>"; };
		AABC67251CE155D0009950C8 /* String.swift */ = {isa = PBXFileReference; fileEncoding = 4; lastKnownFileType = sourcecode.swift; path = String.swift; sourceTree = "<group>"; };
		AABC67261CE155D0009950C8 /* SwiftRegex.swift */ = {isa = PBXFileReference; fileEncoding = 4; lastKnownFileType = sourcecode.swift; path = SwiftRegex.swift; sourceTree = "<group>"; };
		AABC67271CE155D0009950C8 /* WebSocket.swift */ = {isa = PBXFileReference; fileEncoding = 4; lastKnownFileType = sourcecode.swift; path = WebSocket.swift; sourceTree = "<group>"; };
		AABC673F1CE1560D009950C8 /* SocketIOManager.swift */ = {isa = PBXFileReference; fileEncoding = 4; lastKnownFileType = sourcecode.swift; path = SocketIOManager.swift; sourceTree = "<group>"; };
		AABC67411CE19199009950C8 /* Roboto-Black.ttf */ = {isa = PBXFileReference; lastKnownFileType = file; path = "Roboto-Black.ttf"; sourceTree = "<group>"; };
		AABC67421CE19199009950C8 /* Roboto-Bold.ttf */ = {isa = PBXFileReference; lastKnownFileType = file; path = "Roboto-Bold.ttf"; sourceTree = "<group>"; };
		AABC67431CE19199009950C8 /* Roboto-Light.ttf */ = {isa = PBXFileReference; lastKnownFileType = file; path = "Roboto-Light.ttf"; sourceTree = "<group>"; };
		AABC67441CE19199009950C8 /* Roboto-Medium.ttf */ = {isa = PBXFileReference; lastKnownFileType = file; path = "Roboto-Medium.ttf"; sourceTree = "<group>"; };
		AABC67451CE19199009950C8 /* Roboto-Regular.ttf */ = {isa = PBXFileReference; lastKnownFileType = file; path = "Roboto-Regular.ttf"; sourceTree = "<group>"; };
		AAC232AD1CD9224F005AAE42 /* SwiftyJSON.swift */ = {isa = PBXFileReference; fileEncoding = 4; lastKnownFileType = sourcecode.swift; path = SwiftyJSON.swift; sourceTree = "<group>"; };
		AAC232B31CD927CC005AAE42 /* Alamofire.xcodeproj */ = {isa = PBXFileReference; lastKnownFileType = "wrapper.pb-project"; name = Alamofire.xcodeproj; path = "Alamofire-master/Alamofire.xcodeproj"; sourceTree = "<group>"; };
		AAC232D01CD928D9005AAE42 /* serverAPI.swift */ = {isa = PBXFileReference; fileEncoding = 4; lastKnownFileType = sourcecode.swift; path = serverAPI.swift; sourceTree = "<group>"; };
		AAEDABDD1CE2A4DA00AEA4AB /* MainMenuController.swift */ = {isa = PBXFileReference; fileEncoding = 4; lastKnownFileType = sourcecode.swift; path = MainMenuController.swift; sourceTree = "<group>"; };
		AAEDABDF1CE2AA3F00AEA4AB /* MenuCourseCell.swift */ = {isa = PBXFileReference; fileEncoding = 4; lastKnownFileType = sourcecode.swift; path = MenuCourseCell.swift; sourceTree = "<group>"; };
		AAFC4A651CD98F3C0009150C /* AnnouncementCell.swift */ = {isa = PBXFileReference; fileEncoding = 4; lastKnownFileType = sourcecode.swift; path = AnnouncementCell.swift; sourceTree = "<group>"; };
/* End PBXFileReference section */

/* Begin PBXFrameworksBuildPhase section */
		AAAA257B1CD53C690096D0A1 /* Frameworks */ = {
			isa = PBXFrameworksBuildPhase;
			buildActionMask = 2147483647;
			files = (
				AAC232CE1CD92845005AAE42 /* Alamofire.framework in Frameworks */,
			);
			runOnlyForDeploymentPostprocessing = 0;
		};
		AAAA25911CD53C6A0096D0A1 /* Frameworks */ = {
			isa = PBXFrameworksBuildPhase;
			buildActionMask = 2147483647;
			files = (
			);
			runOnlyForDeploymentPostprocessing = 0;
		};
		AAAA259C1CD53C6A0096D0A1 /* Frameworks */ = {
			isa = PBXFrameworksBuildPhase;
			buildActionMask = 2147483647;
			files = (
			);
			runOnlyForDeploymentPostprocessing = 0;
		};
/* End PBXFrameworksBuildPhase section */

/* Begin PBXGroup section */
		AA64A5911CDDB93F00C8F6DC /* SWRevealViewController */ = {
			isa = PBXGroup;
			children = (
				AA64A58E1CDDAA5100C8F6DC /* SWRevealViewController.h */,
				AA64A58F1CDDAA5100C8F6DC /* SWRevealViewController.m */,
				AA64A58D1CDDAA5100C8F6DC /* SwivelMobile-Bridging-Header.h */,
			);
			name = SWRevealViewController;
			sourceTree = "<group>";
		};
		AA67BBFD1CE42AD500ECDB9F /* Nunito */ = {
			isa = PBXGroup;
			children = (
				AA67BBFE1CE42AD500ECDB9F /* Nunito-Black.ttf */,
				AA67BBFF1CE42AD500ECDB9F /* Nunito-Bold.ttf */,
				AA67BC001CE42AD500ECDB9F /* Nunito-ExtraBold.ttf */,
				AA67BC011CE42AD500ECDB9F /* Nunito-ExtraLight.ttf */,
				AA67BC021CE42AD500ECDB9F /* Nunito-Light.ttf */,
				AA67BC031CE42AD500ECDB9F /* Nunito-Medium.ttf */,
				AA67BC041CE42AD500ECDB9F /* Nunito-Regular.ttf */,
				AA67BC051CE42AD500ECDB9F /* Nunito-SemiBold.ttf */,
				AA67BC061CE42AD500ECDB9F /* SIL Open Font License.txt */,
			);
			name = Nunito;
			path = Socket/nunito;
			sourceTree = "<group>";
		};
		AAAA25751CD53C690096D0A1 = {
			isa = PBXGroup;
			children = (
				AAAA25801CD53C6A0096D0A1 /* SwivelMobile */,
				AAAA25971CD53C6A0096D0A1 /* SwivelMobileTests */,
				AAAA25A21CD53C6A0096D0A1 /* SwivelMobileUITests */,
				AAAA257F1CD53C6A0096D0A1 /* Products */,
				AAC232B31CD927CC005AAE42 /* Alamofire.xcodeproj */,
			);
			sourceTree = "<group>";
		};
		AAAA257F1CD53C6A0096D0A1 /* Products */ = {
			isa = PBXGroup;
			children = (
				AAAA257E1CD53C6A0096D0A1 /* SwivelMobile.app */,
				AAAA25941CD53C6A0096D0A1 /* SwivelMobileTests.xctest */,
				AAAA259F1CD53C6A0096D0A1 /* SwivelMobileUITests.xctest */,
			);
			name = Products;
			sourceTree = "<group>";
		};
		AAAA25801CD53C6A0096D0A1 /* SwivelMobile */ = {
			isa = PBXGroup;
			children = (
				AA64A5911CDDB93F00C8F6DC /* SWRevealViewController */,
				AAC232B21CD9231A005AAE42 /* Supporting Files */,
				AAC232B01CD922F8005AAE42 /* Libraries */,
				AAAA25811CD53C6A0096D0A1 /* AppDelegate.swift */,
				AA4A6FA11CDBF9E400E32AE6 /* dataStruct.swift */,
				AAAA25831CD53C6A0096D0A1 /* AnnouncementViewController.swift */,
				AAAA25851CD53C6A0096D0A1 /* GradesViewController.swift */,
				AA9EE2321CE1009A003470D8 /* DatesViewController.swift */,
				AAEDABDD1CE2A4DA00AEA4AB /* MainMenuController.swift */,
				AA64A5921CDDBCDB00C8F6DC /* MenuController.swift */,
				AAFC4A651CD98F3C0009150C /* AnnouncementCell.swift */,
				AAEDABDF1CE2AA3F00AEA4AB /* MenuCourseCell.swift */,
				AA40641A1CDAC9AE00116BA8 /* GradesCell.swift */,
				AA4064181CDA770B00116BA8 /* DatesCell.swift */,
				AAC232D01CD928D9005AAE42 /* serverAPI.swift */,
				AABC673F1CE1560D009950C8 /* SocketIOManager.swift */,
				AA67BC181CE43B5800ECDB9F /* LandingPageController.swift */,
			);
			path = SwivelMobile;
			sourceTree = "<group>";
		};
		AAAA25971CD53C6A0096D0A1 /* SwivelMobileTests */ = {
			isa = PBXGroup;
			children = (
				AAAA25981CD53C6A0096D0A1 /* SwivelMobileTests.swift */,
				AAAA259A1CD53C6A0096D0A1 /* Info.plist */,
			);
			path = SwivelMobileTests;
			sourceTree = "<group>";
		};
		AAAA25A21CD53C6A0096D0A1 /* SwivelMobileUITests */ = {
			isa = PBXGroup;
			children = (
				AAAA25A31CD53C6A0096D0A1 /* SwivelMobileUITests.swift */,
				AAAA25A51CD53C6A0096D0A1 /* Info.plist */,
			);
			path = SwivelMobileUITests;
			sourceTree = "<group>";
		};
		AABC67101CE155D0009950C8 /* Socket */ = {
			isa = PBXGroup;
			children = (
				AABC67111CE155D0009950C8 /* NSCharacterSet.swift */,
				AABC67121CE155D0009950C8 /* SocketAckEmitter.swift */,
				AABC67131CE155D0009950C8 /* SocketAckManager.swift */,
				AABC67141CE155D0009950C8 /* SocketAnyEvent.swift */,
				AABC67151CE155D0009950C8 /* SocketEngine.swift */,
				AABC67161CE155D0009950C8 /* SocketEngineClient.swift */,
				AABC67171CE155D0009950C8 /* SocketEnginePacketType.swift */,
				AABC67181CE155D0009950C8 /* SocketEnginePollable.swift */,
				AABC67191CE155D0009950C8 /* SocketEngineSpec.swift */,
				AABC671A1CE155D0009950C8 /* SocketEngineWebsocket.swift */,
				AABC671B1CE155D0009950C8 /* SocketEventHandler.swift */,
				AABC671C1CE155D0009950C8 /* SocketIOClient.swift */,
				AABC671D1CE155D0009950C8 /* SocketIOClientOption.swift */,
				AABC671E1CE155D0009950C8 /* SocketIOClientSpec.swift */,
				AABC671F1CE155D0009950C8 /* SocketIOClientStatus.swift */,
				AABC67201CE155D0009950C8 /* SocketLogger.swift */,
				AABC67211CE155D0009950C8 /* SocketPacket.swift */,
				AABC67221CE155D0009950C8 /* SocketParsable.swift */,
				AABC67231CE155D0009950C8 /* SocketStringReader.swift */,
				AABC67241CE155D0009950C8 /* SocketTypes.swift */,
				AABC67251CE155D0009950C8 /* String.swift */,
				AABC67261CE155D0009950C8 /* SwiftRegex.swift */,
				AABC67271CE155D0009950C8 /* WebSocket.swift */,
			);
			path = Socket;
			sourceTree = "<group>";
		};
		AABC674B1CE191A0009950C8 /* Roboto */ = {
			isa = PBXGroup;
			children = (
				AABC67441CE19199009950C8 /* Roboto-Medium.ttf */,
				AABC67451CE19199009950C8 /* Roboto-Regular.ttf */,
				AABC67411CE19199009950C8 /* Roboto-Black.ttf */,
				AABC67421CE19199009950C8 /* Roboto-Bold.ttf */,
				AABC67431CE19199009950C8 /* Roboto-Light.ttf */,
			);
			name = Roboto;
			path = Socket;
			sourceTree = "<group>";
		};
		AAC232B01CD922F8005AAE42 /* Libraries */ = {
			isa = PBXGroup;
			children = (
				AAC232AD1CD9224F005AAE42 /* SwiftyJSON.swift */,
			);
			name = Libraries;
			sourceTree = "<group>";
		};
		AAC232B21CD9231A005AAE42 /* Supporting Files */ = {
			isa = PBXGroup;
			children = (
				AA67BBFD1CE42AD500ECDB9F /* Nunito */,
				AABC674B1CE191A0009950C8 /* Roboto */,
				AABC67101CE155D0009950C8 /* Socket */,
				AA9EE2301CE10087003470D8 /* KDCircularProgress.swift */,
				AA67BC161CE42CF000ECDB9F /* Simple-Line-Icons.ttf */,
				AAAA258C1CD53C6A0096D0A1 /* LaunchScreen.storyboard */,
				AAAA25871CD53C6A0096D0A1 /* Main.storyboard */,
				AAAA258A1CD53C6A0096D0A1 /* Assets.xcassets */,
				AAAA258F1CD53C6A0096D0A1 /* Info.plist */,
			);
			name = "Supporting Files";
			sourceTree = "<group>";
		};
		AAC232B41CD927CC005AAE42 /* Products */ = {
			isa = PBXGroup;
			children = (
				AAC232BE1CD927CD005AAE42 /* Alamofire.framework */,
				AAC232C01CD927CD005AAE42 /* Alamofire iOS Tests.xctest */,
				AAC232C21CD927CD005AAE42 /* Alamofire.framework */,
				AAC232C41CD927CD005AAE42 /* Alamofire OSX Tests.xctest */,
				AAC232C61CD927CD005AAE42 /* Alamofire.framework */,
				AAC232C81CD927CD005AAE42 /* Alamofire tvOS Tests.xctest */,
				AAC232CA1CD927CD005AAE42 /* Alamofire.framework */,
			);
			name = Products;
			sourceTree = "<group>";
		};
/* End PBXGroup section */

/* Begin PBXNativeTarget section */
		AAAA257D1CD53C690096D0A1 /* SwivelMobile */ = {
			isa = PBXNativeTarget;
			buildConfigurationList = AAAA25A81CD53C6A0096D0A1 /* Build configuration list for PBXNativeTarget "SwivelMobile" */;
			buildPhases = (
				AAAA257A1CD53C690096D0A1 /* Sources */,
				AAAA257B1CD53C690096D0A1 /* Frameworks */,
				AAAA257C1CD53C690096D0A1 /* Resources */,
				AAC232CD1CD927F6005AAE42 /* Copy Framework */,
			);
			buildRules = (
			);
			dependencies = (
				AAC232CC1CD927EA005AAE42 /* PBXTargetDependency */,
			);
			name = SwivelMobile;
			productName = SwivelMobile;
			productReference = AAAA257E1CD53C6A0096D0A1 /* SwivelMobile.app */;
			productType = "com.apple.product-type.application";
		};
		AAAA25931CD53C6A0096D0A1 /* SwivelMobileTests */ = {
			isa = PBXNativeTarget;
			buildConfigurationList = AAAA25AB1CD53C6A0096D0A1 /* Build configuration list for PBXNativeTarget "SwivelMobileTests" */;
			buildPhases = (
				AAAA25901CD53C6A0096D0A1 /* Sources */,
				AAAA25911CD53C6A0096D0A1 /* Frameworks */,
				AAAA25921CD53C6A0096D0A1 /* Resources */,
			);
			buildRules = (
			);
			dependencies = (
				AAAA25961CD53C6A0096D0A1 /* PBXTargetDependency */,
			);
			name = SwivelMobileTests;
			productName = SwivelMobileTests;
			productReference = AAAA25941CD53C6A0096D0A1 /* SwivelMobileTests.xctest */;
			productType = "com.apple.product-type.bundle.unit-test";
		};
		AAAA259E1CD53C6A0096D0A1 /* SwivelMobileUITests */ = {
			isa = PBXNativeTarget;
			buildConfigurationList = AAAA25AE1CD53C6A0096D0A1 /* Build configuration list for PBXNativeTarget "SwivelMobileUITests" */;
			buildPhases = (
				AAAA259B1CD53C6A0096D0A1 /* Sources */,
				AAAA259C1CD53C6A0096D0A1 /* Frameworks */,
				AAAA259D1CD53C6A0096D0A1 /* Resources */,
			);
			buildRules = (
			);
			dependencies = (
				AAAA25A11CD53C6A0096D0A1 /* PBXTargetDependency */,
			);
			name = SwivelMobileUITests;
			productName = SwivelMobileUITests;
			productReference = AAAA259F1CD53C6A0096D0A1 /* SwivelMobileUITests.xctest */;
			productType = "com.apple.product-type.bundle.ui-testing";
		};
/* End PBXNativeTarget section */

/* Begin PBXProject section */
		AAAA25761CD53C690096D0A1 /* Project object */ = {
			isa = PBXProject;
			attributes = {
				LastSwiftUpdateCheck = 0730;
				LastUpgradeCheck = 0730;
				ORGANIZATIONNAME = "Swivel Systems";
				TargetAttributes = {
					AAAA257D1CD53C690096D0A1 = {
						CreatedOnToolsVersion = 7.3;
						DevelopmentTeam = EN3PN6DP2E;
					};
					AAAA25931CD53C6A0096D0A1 = {
						CreatedOnToolsVersion = 7.3;
						TestTargetID = AAAA257D1CD53C690096D0A1;
					};
					AAAA259E1CD53C6A0096D0A1 = {
						CreatedOnToolsVersion = 7.3;
						TestTargetID = AAAA257D1CD53C690096D0A1;
					};
				};
			};
			buildConfigurationList = AAAA25791CD53C690096D0A1 /* Build configuration list for PBXProject "SwivelMobile" */;
			compatibilityVersion = "Xcode 3.2";
			developmentRegion = English;
			hasScannedForEncodings = 0;
			knownRegions = (
				en,
				Base,
			);
			mainGroup = AAAA25751CD53C690096D0A1;
			productRefGroup = AAAA257F1CD53C6A0096D0A1 /* Products */;
			projectDirPath = "";
			projectReferences = (
				{
					ProductGroup = AAC232B41CD927CC005AAE42 /* Products */;
					ProjectRef = AAC232B31CD927CC005AAE42 /* Alamofire.xcodeproj */;
				},
			);
			projectRoot = "";
			targets = (
				AAAA257D1CD53C690096D0A1 /* SwivelMobile */,
				AAAA25931CD53C6A0096D0A1 /* SwivelMobileTests */,
				AAAA259E1CD53C6A0096D0A1 /* SwivelMobileUITests */,
			);
		};
/* End PBXProject section */

/* Begin PBXReferenceProxy section */
		AAC232BE1CD927CD005AAE42 /* Alamofire.framework */ = {
			isa = PBXReferenceProxy;
			fileType = wrapper.framework;
			path = Alamofire.framework;
			remoteRef = AAC232BD1CD927CD005AAE42 /* PBXContainerItemProxy */;
			sourceTree = BUILT_PRODUCTS_DIR;
		};
		AAC232C01CD927CD005AAE42 /* Alamofire iOS Tests.xctest */ = {
			isa = PBXReferenceProxy;
			fileType = wrapper.cfbundle;
			path = "Alamofire iOS Tests.xctest";
			remoteRef = AAC232BF1CD927CD005AAE42 /* PBXContainerItemProxy */;
			sourceTree = BUILT_PRODUCTS_DIR;
		};
		AAC232C21CD927CD005AAE42 /* Alamofire.framework */ = {
			isa = PBXReferenceProxy;
			fileType = wrapper.framework;
			path = Alamofire.framework;
			remoteRef = AAC232C11CD927CD005AAE42 /* PBXContainerItemProxy */;
			sourceTree = BUILT_PRODUCTS_DIR;
		};
		AAC232C41CD927CD005AAE42 /* Alamofire OSX Tests.xctest */ = {
			isa = PBXReferenceProxy;
			fileType = wrapper.cfbundle;
			path = "Alamofire OSX Tests.xctest";
			remoteRef = AAC232C31CD927CD005AAE42 /* PBXContainerItemProxy */;
			sourceTree = BUILT_PRODUCTS_DIR;
		};
		AAC232C61CD927CD005AAE42 /* Alamofire.framework */ = {
			isa = PBXReferenceProxy;
			fileType = wrapper.framework;
			path = Alamofire.framework;
			remoteRef = AAC232C51CD927CD005AAE42 /* PBXContainerItemProxy */;
			sourceTree = BUILT_PRODUCTS_DIR;
		};
		AAC232C81CD927CD005AAE42 /* Alamofire tvOS Tests.xctest */ = {
			isa = PBXReferenceProxy;
			fileType = wrapper.cfbundle;
			path = "Alamofire tvOS Tests.xctest";
			remoteRef = AAC232C71CD927CD005AAE42 /* PBXContainerItemProxy */;
			sourceTree = BUILT_PRODUCTS_DIR;
		};
		AAC232CA1CD927CD005AAE42 /* Alamofire.framework */ = {
			isa = PBXReferenceProxy;
			fileType = wrapper.framework;
			path = Alamofire.framework;
			remoteRef = AAC232C91CD927CD005AAE42 /* PBXContainerItemProxy */;
			sourceTree = BUILT_PRODUCTS_DIR;
		};
/* End PBXReferenceProxy section */

/* Begin PBXResourcesBuildPhase section */
		AAAA257C1CD53C690096D0A1 /* Resources */ = {
			isa = PBXResourcesBuildPhase;
			buildActionMask = 2147483647;
			files = (
				AA67BC0D1CE42AD500ECDB9F /* Nunito-Regular.ttf in Resources */,
				AA67BC171CE42CF000ECDB9F /* Simple-Line-Icons.ttf in Resources */,
				AA67BC091CE42AD500ECDB9F /* Nunito-ExtraBold.ttf in Resources */,
				AAAA258E1CD53C6A0096D0A1 /* LaunchScreen.storyboard in Resources */,
				AAAA258B1CD53C6A0096D0A1 /* Assets.xcassets in Resources */,
				AA67BC0A1CE42AD500ECDB9F /* Nunito-ExtraLight.ttf in Resources */,
				AA67BC0F1CE42AD500ECDB9F /* SIL Open Font License.txt in Resources */,
				AA67BC0C1CE42AD500ECDB9F /* Nunito-Medium.ttf in Resources */,
				AABC674A1CE19199009950C8 /* Roboto-Regular.ttf in Resources */,
				AABC67481CE19199009950C8 /* Roboto-Light.ttf in Resources */,
				AA67BC0E1CE42AD500ECDB9F /* Nunito-SemiBold.ttf in Resources */,
				AABC67491CE19199009950C8 /* Roboto-Medium.ttf in Resources */,
				AABC67471CE19199009950C8 /* Roboto-Bold.ttf in Resources */,
				AA67BC081CE42AD500ECDB9F /* Nunito-Bold.ttf in Resources */,
				AA67BC0B1CE42AD500ECDB9F /* Nunito-Light.ttf in Resources */,
				AAAA25891CD53C6A0096D0A1 /* Main.storyboard in Resources */,
				AABC67461CE19199009950C8 /* Roboto-Black.ttf in Resources */,
				AA67BC071CE42AD500ECDB9F /* Nunito-Black.ttf in Resources */,
			);
			runOnlyForDeploymentPostprocessing = 0;
		};
		AAAA25921CD53C6A0096D0A1 /* Resources */ = {
			isa = PBXResourcesBuildPhase;
			buildActionMask = 2147483647;
			files = (
			);
			runOnlyForDeploymentPostprocessing = 0;
		};
		AAAA259D1CD53C6A0096D0A1 /* Resources */ = {
			isa = PBXResourcesBuildPhase;
			buildActionMask = 2147483647;
			files = (
			);
			runOnlyForDeploymentPostprocessing = 0;
		};
/* End PBXResourcesBuildPhase section */

/* Begin PBXSourcesBuildPhase section */
		AAAA257A1CD53C690096D0A1 /* Sources */ = {
			isa = PBXSourcesBuildPhase;
			buildActionMask = 2147483647;
			files = (
				AAC232D11CD928D9005AAE42 /* serverAPI.swift in Sources */,
				AABC672B1CE155D0009950C8 /* SocketAnyEvent.swift in Sources */,
				AA4A6FA21CDBF9E400E32AE6 /* dataStruct.swift in Sources */,
				AABC67301CE155D0009950C8 /* SocketEngineSpec.swift in Sources */,
				AABC67401CE1560D009950C8 /* SocketIOManager.swift in Sources */,
				AABC67351CE155D0009950C8 /* SocketIOClientSpec.swift in Sources */,
				AAAA25861CD53C6A0096D0A1 /* GradesViewController.swift in Sources */,
				AABC673A1CE155D0009950C8 /* SocketStringReader.swift in Sources */,
				AAEDABDE1CE2A4DA00AEA4AB /* MainMenuController.swift in Sources */,
				AABC67391CE155D0009950C8 /* SocketParsable.swift in Sources */,
				AABC672F1CE155D0009950C8 /* SocketEnginePollable.swift in Sources */,
				AABC672D1CE155D0009950C8 /* SocketEngineClient.swift in Sources */,
				AAAA25821CD53C6A0096D0A1 /* AppDelegate.swift in Sources */,
				AABC67361CE155D0009950C8 /* SocketIOClientStatus.swift in Sources */,
				AABC67381CE155D0009950C8 /* SocketPacket.swift in Sources */,
				AABC673B1CE155D0009950C8 /* SocketTypes.swift in Sources */,
				AABC673C1CE155D0009950C8 /* String.swift in Sources */,
				AABC672A1CE155D0009950C8 /* SocketAckManager.swift in Sources */,
				AABC672C1CE155D0009950C8 /* SocketEngine.swift in Sources */,
				AABC673D1CE155D0009950C8 /* SwiftRegex.swift in Sources */,
				AA67BC191CE43B5800ECDB9F /* LandingPageController.swift in Sources */,
				AABC672E1CE155D0009950C8 /* SocketEnginePacketType.swift in Sources */,
				AABC67311CE155D0009950C8 /* SocketEngineWebsocket.swift in Sources */,
				AABC67321CE155D0009950C8 /* SocketEventHandler.swift in Sources */,
				AA9EE2331CE1009A003470D8 /* DatesViewController.swift in Sources */,
				AA4064191CDA770B00116BA8 /* DatesCell.swift in Sources */,
				AABC67371CE155D0009950C8 /* SocketLogger.swift in Sources */,
				AAEDABE01CE2AA3F00AEA4AB /* MenuCourseCell.swift in Sources */,
				AABC67331CE155D0009950C8 /* SocketIOClient.swift in Sources */,
				AABC673E1CE155D0009950C8 /* WebSocket.swift in Sources */,
				AABC67291CE155D0009950C8 /* SocketAckEmitter.swift in Sources */,
				AAAA25841CD53C6A0096D0A1 /* AnnouncementViewController.swift in Sources */,
				AA9EE2311CE10087003470D8 /* KDCircularProgress.swift in Sources */,
				AA40641B1CDAC9AE00116BA8 /* GradesCell.swift in Sources */,
				AAFC4A661CD98F3C0009150C /* AnnouncementCell.swift in Sources */,
				AAC232AE1CD92250005AAE42 /* SwiftyJSON.swift in Sources */,
				AA64A5931CDDBCDB00C8F6DC /* MenuController.swift in Sources */,
				AA64A5901CDDAA5100C8F6DC /* SWRevealViewController.m in Sources */,
				AABC67341CE155D0009950C8 /* SocketIOClientOption.swift in Sources */,
				AABC67281CE155D0009950C8 /* NSCharacterSet.swift in Sources */,
			);
			runOnlyForDeploymentPostprocessing = 0;
		};
		AAAA25901CD53C6A0096D0A1 /* Sources */ = {
			isa = PBXSourcesBuildPhase;
			buildActionMask = 2147483647;
			files = (
				AAAA25991CD53C6A0096D0A1 /* SwivelMobileTests.swift in Sources */,
			);
			runOnlyForDeploymentPostprocessing = 0;
		};
		AAAA259B1CD53C6A0096D0A1 /* Sources */ = {
			isa = PBXSourcesBuildPhase;
			buildActionMask = 2147483647;
			files = (
				AAAA25A41CD53C6A0096D0A1 /* SwivelMobileUITests.swift in Sources */,
			);
			runOnlyForDeploymentPostprocessing = 0;
		};
/* End PBXSourcesBuildPhase section */

/* Begin PBXTargetDependency section */
		AAAA25961CD53C6A0096D0A1 /* PBXTargetDependency */ = {
			isa = PBXTargetDependency;
			target = AAAA257D1CD53C690096D0A1 /* SwivelMobile */;
			targetProxy = AAAA25951CD53C6A0096D0A1 /* PBXContainerItemProxy */;
		};
		AAAA25A11CD53C6A0096D0A1 /* PBXTargetDependency */ = {
			isa = PBXTargetDependency;
			target = AAAA257D1CD53C690096D0A1 /* SwivelMobile */;
			targetProxy = AAAA25A01CD53C6A0096D0A1 /* PBXContainerItemProxy */;
		};
		AAC232CC1CD927EA005AAE42 /* PBXTargetDependency */ = {
			isa = PBXTargetDependency;
			name = "Alamofire iOS";
			targetProxy = AAC232CB1CD927EA005AAE42 /* PBXContainerItemProxy */;
		};
/* End PBXTargetDependency section */

/* Begin PBXVariantGroup section */
		AAAA25871CD53C6A0096D0A1 /* Main.storyboard */ = {
			isa = PBXVariantGroup;
			children = (
				AAAA25881CD53C6A0096D0A1 /* Base */,
			);
			name = Main.storyboard;
			sourceTree = "<group>";
		};
		AAAA258C1CD53C6A0096D0A1 /* LaunchScreen.storyboard */ = {
			isa = PBXVariantGroup;
			children = (
				AAAA258D1CD53C6A0096D0A1 /* Base */,
			);
			name = LaunchScreen.storyboard;
			sourceTree = "<group>";
		};
/* End PBXVariantGroup section */

/* Begin XCBuildConfiguration section */
		AAAA25A61CD53C6A0096D0A1 /* Debug */ = {
			isa = XCBuildConfiguration;
			buildSettings = {
				ALWAYS_SEARCH_USER_PATHS = NO;
				CLANG_ANALYZER_NONNULL = YES;
				CLANG_CXX_LANGUAGE_STANDARD = "gnu++0x";
				CLANG_CXX_LIBRARY = "libc++";
				CLANG_ENABLE_MODULES = YES;
				CLANG_ENABLE_OBJC_ARC = YES;
				CLANG_WARN_BOOL_CONVERSION = YES;
				CLANG_WARN_CONSTANT_CONVERSION = YES;
				CLANG_WARN_DIRECT_OBJC_ISA_USAGE = YES_ERROR;
				CLANG_WARN_EMPTY_BODY = YES;
				CLANG_WARN_ENUM_CONVERSION = YES;
				CLANG_WARN_INT_CONVERSION = YES;
				CLANG_WARN_OBJC_ROOT_CLASS = YES_ERROR;
				CLANG_WARN_UNREACHABLE_CODE = YES;
				CLANG_WARN__DUPLICATE_METHOD_MATCH = YES;
				"CODE_SIGN_IDENTITY[sdk=iphoneos*]" = "iPhone Developer";
				COPY_PHASE_STRIP = NO;
				DEBUG_INFORMATION_FORMAT = dwarf;
				ENABLE_STRICT_OBJC_MSGSEND = YES;
				ENABLE_TESTABILITY = YES;
				GCC_C_LANGUAGE_STANDARD = gnu99;
				GCC_DYNAMIC_NO_PIC = NO;
				GCC_NO_COMMON_BLOCKS = YES;
				GCC_OPTIMIZATION_LEVEL = 0;
				GCC_PREPROCESSOR_DEFINITIONS = (
					"DEBUG=1",
					"$(inherited)",
				);
				GCC_WARN_64_TO_32_BIT_CONVERSION = YES;
				GCC_WARN_ABOUT_RETURN_TYPE = YES_ERROR;
				GCC_WARN_UNDECLARED_SELECTOR = YES;
				GCC_WARN_UNINITIALIZED_AUTOS = YES_AGGRESSIVE;
				GCC_WARN_UNUSED_FUNCTION = YES;
				GCC_WARN_UNUSED_VARIABLE = YES;
				IPHONEOS_DEPLOYMENT_TARGET = 9.3;
				MTL_ENABLE_DEBUG_INFO = YES;
				ONLY_ACTIVE_ARCH = YES;
				SDKROOT = iphoneos;
				SWIFT_OPTIMIZATION_LEVEL = "-Onone";
				TARGETED_DEVICE_FAMILY = "1,2";
			};
			name = Debug;
		};
		AAAA25A71CD53C6A0096D0A1 /* Release */ = {
			isa = XCBuildConfiguration;
			buildSettings = {
				ALWAYS_SEARCH_USER_PATHS = NO;
				CLANG_ANALYZER_NONNULL = YES;
				CLANG_CXX_LANGUAGE_STANDARD = "gnu++0x";
				CLANG_CXX_LIBRARY = "libc++";
				CLANG_ENABLE_MODULES = YES;
				CLANG_ENABLE_OBJC_ARC = YES;
				CLANG_WARN_BOOL_CONVERSION = YES;
				CLANG_WARN_CONSTANT_CONVERSION = YES;
				CLANG_WARN_DIRECT_OBJC_ISA_USAGE = YES_ERROR;
				CLANG_WARN_EMPTY_BODY = YES;
				CLANG_WARN_ENUM_CONVERSION = YES;
				CLANG_WARN_INT_CONVERSION = YES;
				CLANG_WARN_OBJC_ROOT_CLASS = YES_ERROR;
				CLANG_WARN_UNREACHABLE_CODE = YES;
				CLANG_WARN__DUPLICATE_METHOD_MATCH = YES;
				"CODE_SIGN_IDENTITY[sdk=iphoneos*]" = "iPhone Developer";
				COPY_PHASE_STRIP = NO;
				DEBUG_INFORMATION_FORMAT = "dwarf-with-dsym";
				ENABLE_NS_ASSERTIONS = NO;
				ENABLE_STRICT_OBJC_MSGSEND = YES;
				GCC_C_LANGUAGE_STANDARD = gnu99;
				GCC_NO_COMMON_BLOCKS = YES;
				GCC_WARN_64_TO_32_BIT_CONVERSION = YES;
				GCC_WARN_ABOUT_RETURN_TYPE = YES_ERROR;
				GCC_WARN_UNDECLARED_SELECTOR = YES;
				GCC_WARN_UNINITIALIZED_AUTOS = YES_AGGRESSIVE;
				GCC_WARN_UNUSED_FUNCTION = YES;
				GCC_WARN_UNUSED_VARIABLE = YES;
				IPHONEOS_DEPLOYMENT_TARGET = 9.3;
				MTL_ENABLE_DEBUG_INFO = NO;
				SDKROOT = iphoneos;
				TARGETED_DEVICE_FAMILY = "1,2";
				VALIDATE_PRODUCT = YES;
			};
			name = Release;
		};
		AAAA25A91CD53C6A0096D0A1 /* Debug */ = {
			isa = XCBuildConfiguration;
			buildSettings = {
				ASSETCATALOG_COMPILER_APPICON_NAME = AppIcon;
				CLANG_ENABLE_MODULES = YES;
				CODE_SIGN_IDENTITY = "iPhone Developer";
				INFOPLIST_FILE = SwivelMobile/Info.plist;
				IPHONEOS_DEPLOYMENT_TARGET = 9.1;
				LD_RUNPATH_SEARCH_PATHS = "$(inherited) @executable_path/Frameworks";
				PRODUCT_BUNDLE_IDENTIFIER = SwivelSystems.SwivelMobile;
				PRODUCT_NAME = "$(TARGET_NAME)";
				SWIFT_OBJC_BRIDGING_HEADER = "SwivelMobile/SwivelMobile-Bridging-Header.h";
				SWIFT_OPTIMIZATION_LEVEL = "-Onone";
			};
			name = Debug;
		};
		AAAA25AA1CD53C6A0096D0A1 /* Release */ = {
			isa = XCBuildConfiguration;
			buildSettings = {
				ASSETCATALOG_COMPILER_APPICON_NAME = AppIcon;
				CLANG_ENABLE_MODULES = YES;
				CODE_SIGN_IDENTITY = "iPhone Developer";
				INFOPLIST_FILE = SwivelMobile/Info.plist;
				IPHONEOS_DEPLOYMENT_TARGET = 9.1;
				LD_RUNPATH_SEARCH_PATHS = "$(inherited) @executable_path/Frameworks";
				PRODUCT_BUNDLE_IDENTIFIER = SwivelSystems.SwivelMobile;
				PRODUCT_NAME = "$(TARGET_NAME)";
				SWIFT_OBJC_BRIDGING_HEADER = "SwivelMobile/SwivelMobile-Bridging-Header.h";
			};
			name = Release;
		};
		AAAA25AC1CD53C6A0096D0A1 /* Debug */ = {
			isa = XCBuildConfiguration;
			buildSettings = {
				BUNDLE_LOADER = "$(TEST_HOST)";
				INFOPLIST_FILE = SwivelMobileTests/Info.plist;
				LD_RUNPATH_SEARCH_PATHS = "$(inherited) @executable_path/Frameworks @loader_path/Frameworks";
				PRODUCT_BUNDLE_IDENTIFIER = SwivelSystems.SwivelMobileTests;
				PRODUCT_NAME = "$(TARGET_NAME)";
				TEST_HOST = "$(BUILT_PRODUCTS_DIR)/SwivelMobile.app/SwivelMobile";
			};
			name = Debug;
		};
		AAAA25AD1CD53C6A0096D0A1 /* Release */ = {
			isa = XCBuildConfiguration;
			buildSettings = {
				BUNDLE_LOADER = "$(TEST_HOST)";
				INFOPLIST_FILE = SwivelMobileTests/Info.plist;
				LD_RUNPATH_SEARCH_PATHS = "$(inherited) @executable_path/Frameworks @loader_path/Frameworks";
				PRODUCT_BUNDLE_IDENTIFIER = SwivelSystems.SwivelMobileTests;
				PRODUCT_NAME = "$(TARGET_NAME)";
				TEST_HOST = "$(BUILT_PRODUCTS_DIR)/SwivelMobile.app/SwivelMobile";
			};
			name = Release;
		};
		AAAA25AF1CD53C6A0096D0A1 /* Debug */ = {
			isa = XCBuildConfiguration;
			buildSettings = {
				INFOPLIST_FILE = SwivelMobileUITests/Info.plist;
				LD_RUNPATH_SEARCH_PATHS = "$(inherited) @executable_path/Frameworks @loader_path/Frameworks";
				PRODUCT_BUNDLE_IDENTIFIER = SwivelSystems.SwivelMobileUITests;
				PRODUCT_NAME = "$(TARGET_NAME)";
				TEST_TARGET_NAME = SwivelMobile;
			};
			name = Debug;
		};
		AAAA25B01CD53C6A0096D0A1 /* Release */ = {
			isa = XCBuildConfiguration;
			buildSettings = {
				INFOPLIST_FILE = SwivelMobileUITests/Info.plist;
				LD_RUNPATH_SEARCH_PATHS = "$(inherited) @executable_path/Frameworks @loader_path/Frameworks";
				PRODUCT_BUNDLE_IDENTIFIER = SwivelSystems.SwivelMobileUITests;
				PRODUCT_NAME = "$(TARGET_NAME)";
				TEST_TARGET_NAME = SwivelMobile;
			};
			name = Release;
		};
/* End XCBuildConfiguration section */

/* Begin XCConfigurationList section */
		AAAA25791CD53C690096D0A1 /* Build configuration list for PBXProject "SwivelMobile" */ = {
			isa = XCConfigurationList;
			buildConfigurations = (
				AAAA25A61CD53C6A0096D0A1 /* Debug */,
				AAAA25A71CD53C6A0096D0A1 /* Release */,
			);
			defaultConfigurationIsVisible = 0;
			defaultConfigurationName = Release;
		};
		AAAA25A81CD53C6A0096D0A1 /* Build configuration list for PBXNativeTarget "SwivelMobile" */ = {
			isa = XCConfigurationList;
			buildConfigurations = (
				AAAA25A91CD53C6A0096D0A1 /* Debug */,
				AAAA25AA1CD53C6A0096D0A1 /* Release */,
			);
			defaultConfigurationIsVisible = 0;
			defaultConfigurationName = Release;
		};
		AAAA25AB1CD53C6A0096D0A1 /* Build configuration list for PBXNativeTarget "SwivelMobileTests" */ = {
			isa = XCConfigurationList;
			buildConfigurations = (
				AAAA25AC1CD53C6A0096D0A1 /* Debug */,
				AAAA25AD1CD53C6A0096D0A1 /* Release */,
			);
			defaultConfigurationIsVisible = 0;
			defaultConfigurationName = Release;
		};
		AAAA25AE1CD53C6A0096D0A1 /* Build configuration list for PBXNativeTarget "SwivelMobileUITests" */ = {
			isa = XCConfigurationList;
			buildConfigurations = (
				AAAA25AF1CD53C6A0096D0A1 /* Debug */,
				AAAA25B01CD53C6A0096D0A1 /* Release */,
			);
			defaultConfigurationIsVisible = 0;
			defaultConfigurationName = Release;
		};
/* End XCConfigurationList section */
	};
	rootObject = AAAA25761CD53C690096D0A1 /* Project object */;
}
